
Microsoft Visual Studio Solution File, Format Version 12.00
# Visual Studio Version 17
VisualStudioVersion = 17.4.33213.308
MinimumVisualStudioVersion = 10.0.40219.1
Project("{FAE04EC0-301F-11D3-BF4B-00C04F79EFBC}") = "GettingStarted.Server", "Server\GettingStarted.Server.csproj", "{EB761C9B-E382-4355-B181-6F8F2149E8FE}"
EndProject
Project("{FAE04EC0-301F-11D3-BF4B-00C04F79EFBC}") = "GettingStarted.Client", "Client\GettingStarted.Client.csproj", "{803C3A79-B766-4352-BFEC-AA9236313E96}"
EndProject
Project("{FAE04EC0-301F-11D3-BF4B-00C04F79EFBC}") = "GettingStarted.Shared", "Shared\GettingStarted.Shared.csproj", "{6C91354F-1CEE-4F0F-94BB-1DD8A48D249A}"
EndProject
Global
	GlobalSection(SolutionConfigurationPlatforms) = preSolution
		Debug|Any CPU = Debug|Any CPU
		Release|Any CPU = Release|Any CPU
	EndGlobalSection
	GlobalSection(ProjectConfigurationPlatforms) = postSolution
		{EB761C9B-E382-4355-B181-6F8F2149E8FE}.Debug|Any CPU.ActiveCfg = Debug|Any CPU
		{EB761C9B-E382-4355-B181-6F8F2149E8FE}.Debug|Any CPU.Build.0 = Debug|Any CPU
		{EB761C9B-E382-4355-B181-6F8F2149E8FE}.Release|Any CPU.ActiveCfg = Release|Any CPU
		{EB761C9B-E382-4355-B181-6F8F2149E8FE}.Release|Any CPU.Build.0 = Release|Any CPU
		{803C3A79-B766-4352-BFEC-AA9236313E96}.Debug|Any CPU.ActiveCfg = Debug|Any CPU
		{803C3A79-B766-4352-BFEC-AA9236313E96}.Debug|Any CPU.Build.0 = Debug|Any CPU
		{803C3A79-B766-4352-BFEC-AA9236313E96}.Release|Any CPU.ActiveCfg = Release|Any CPU
		{803C3A79-B766-4352-BFEC-AA9236313E96}.Release|Any CPU.Build.0 = Release|Any CPU
		{6C91354F-1CEE-4F0F-94BB-1DD8A48D249A}.Debug|Any CPU.ActiveCfg = Debug|Any CPU
		{6C91354F-1CEE-4F0F-94BB-1DD8A48D249A}.Debug|Any CPU.Build.0 = Debug|Any CPU
		{6C91354F-1CEE-4F0F-94BB-1DD8A48D249A}.Release|Any CPU.ActiveCfg = Release|Any CPU
		{6C91354F-1CEE-4F0F-94BB-1DD8A48D249A}.Release|Any CPU.Build.0 = Release|Any CPU
	EndGlobalSection
	GlobalSection(SolutionProperties) = preSolution
		HideSolutionNode = FALSE
	EndGlobalSection
	GlobalSection(ExtensibilityGlobals) = postSolution
		SolutionGuid = {8850BF98-9773-48A8-9343-09412CAA23DF}
	EndGlobalSection
EndGlobal
