
Microsoft Visual Studio Solution File, Format Version 12.00
# Visual Studio Version 17
VisualStudioVersion = 17.1.32210.238
MinimumVisualStudioVersion = 10.0.40219.1
Project("{FAE04EC0-301F-11D3-BF4B-00C04F79EFBC}") = "MyBlazorApp", "MyBlazorApp.csproj", "{5B247B73-14F9-41B1-96CD-68476D62B4BF}"
EndProject
Global
	GlobalSection(SolutionConfigurationPlatforms) = preSolution
		Debug|Any CPU = Debug|Any CPU
		Release|Any CPU = Release|Any CPU
	EndGlobalSection
	GlobalSection(ProjectConfigurationPlatforms) = postSolution
		{5B247B73-14F9-41B1-96CD-68476D62B4BF}.Debug|Any CPU.ActiveCfg = Debug|Any CPU
		{5B247B73-14F9-41B1-96CD-68476D62B4BF}.Debug|Any CPU.Build.0 = Debug|Any CPU
		{5B247B73-14F9-41B1-96CD-68476D62B4BF}.Release|Any CPU.ActiveCfg = Release|Any CPU
		{5B247B73-14F9-41B1-96CD-68476D62B4BF}.Release|Any CPU.Build.0 = Release|Any CPU
	EndGlobalSection
	GlobalSection(SolutionProperties) = preSolution
		HideSolutionNode = FALSE
	EndGlobalSection
	GlobalSection(ExtensibilityGlobals) = postSolution
		SolutionGuid = {A763068D-39A9-4419-9522-24736AFFAE35}
	EndGlobalSection
EndGlobal
